// !$*UTF8*$!
{
	archiveVersion = 1;
	classes = {
	};
	objectVersion = 46;
	objects = {

/* Begin PBXBuildFile section */
		25B413CD1AD627A700CBCB79 /* MovieDetailViewController.swift in Sources */ = {isa = PBXBuildFile; fileRef = 25B413CC1AD627A700CBCB79 /* MovieDetailViewController.swift */; };
		25B413CE1AD6360E00CBCB79 /* MoviesViewController.swift in Sources */ = {isa = PBXBuildFile; fileRef = 25CE34DA1AD5FF5B001F796A /* MoviesViewController.swift */; };
		25CE34BB1AD5F876001F796A /* AppDelegate.swift in Sources */ = {isa = PBXBuildFile; fileRef = 25CE34BA1AD5F876001F796A /* AppDelegate.swift */; };
		25CE34BD1AD5F876001F796A /* ViewController.swift in Sources */ = {isa = PBXBuildFile; fileRef = 25CE34BC1AD5F876001F796A /* ViewController.swift */; };
		25CE34C01AD5F876001F796A /* Main.storyboard in Resources */ = {isa = PBXBuildFile; fileRef = 25CE34BE1AD5F876001F796A /* Main.storyboard */; };
		25CE34C21AD5F876001F796A /* Images.xcassets in Resources */ = {isa = PBXBuildFile; fileRef = 25CE34C11AD5F876001F796A /* Images.xcassets */; };
		25CE34C51AD5F876001F796A /* LaunchScreen.xib in Resources */ = {isa = PBXBuildFile; fileRef = 25CE34C31AD5F876001F796A /* LaunchScreen.xib */; };
		25CE34D11AD5F876001F796A /* freshtomatoTests.swift in Sources */ = {isa = PBXBuildFile; fileRef = 25CE34D01AD5F876001F796A /* freshtomatoTests.swift */; };
		25CE34DD1AD61409001F796A /* MovieCell.swift in Sources */ = {isa = PBXBuildFile; fileRef = 25CE34DC1AD61409001F796A /* MovieCell.swift */; };
		4335946AF7310F21FE969A12 /* libPods.a in Frameworks */ = {isa = PBXBuildFile; fileRef = 547427C3C7F9E4E3A036D482 /* libPods.a */; };
/* End PBXBuildFile section */

/* Begin PBXContainerItemProxy section */
		25CE34CB1AD5F876001F796A /* PBXContainerItemProxy */ = {
			isa = PBXContainerItemProxy;
			containerPortal = 25CE34AD1AD5F876001F796A /* Project object */;
			proxyType = 1;
			remoteGlobalIDString = 25CE34B41AD5F876001F796A;
			remoteInfo = freshtomato;
		};
/* End PBXContainerItemProxy section */

/* Begin PBXFileReference section */
		257A9B6C1AD6487D00E796D8 /* freshtomato-Bridging-Header.h */ = {isa = PBXFileReference; lastKnownFileType = sourcecode.c.h; path = "freshtomato-Bridging-Header.h"; sourceTree = "<group>"; };
		25B413CC1AD627A700CBCB79 /* MovieDetailViewController.swift */ = {isa = PBXFileReference; fileEncoding = 4; lastKnownFileType = sourcecode.swift; path = MovieDetailViewController.swift; sourceTree = "<group>"; };
		25CE34B51AD5F876001F796A /* freshtomato.app */ = {isa = PBXFileReference; explicitFileType = wrapper.application; includeInIndex = 0; path = freshtomato.app; sourceTree = BUILT_PRODUCTS_DIR; };
		25CE34B91AD5F876001F796A /* Info.plist */ = {isa = PBXFileReference; lastKnownFileType = text.plist.xml; path = Info.plist; sourceTree = "<group>"; };
		25CE34BA1AD5F876001F796A /* AppDelegate.swift */ = {isa = PBXFileReference; lastKnownFileType = sourcecode.swift; path = AppDelegate.swift; sourceTree = "<group>"; };
		25CE34BC1AD5F876001F796A /* ViewController.swift */ = {isa = PBXFileReference; lastKnownFileType = sourcecode.swift; path = ViewController.swift; sourceTree = "<group>"; };
		25CE34BF1AD5F876001F796A /* Base */ = {isa = PBXFileReference; lastKnownFileType = file.storyboard; name = Base; path = Base.lproj/Main.storyboard; sourceTree = "<group>"; };
		25CE34C11AD5F876001F796A /* Images.xcassets */ = {isa = PBXFileReference; lastKnownFileType = folder.assetcatalog; path = Images.xcassets; sourceTree = "<group>"; };
		25CE34C41AD5F876001F796A /* Base */ = {isa = PBXFileReference; lastKnownFileType = file.xib; name = Base; path = Base.lproj/LaunchScreen.xib; sourceTree = "<group>"; };
		25CE34CA1AD5F876001F796A /* freshtomatoTests.xctest */ = {isa = PBXFileReference; explicitFileType = wrapper.cfbundle; includeInIndex = 0; path = freshtomatoTests.xctest; sourceTree = BUILT_PRODUCTS_DIR; };
		25CE34CF1AD5F876001F796A /* Info.plist */ = {isa = PBXFileReference; lastKnownFileType = text.plist.xml; path = Info.plist; sourceTree = "<group>"; };
		25CE34D01AD5F876001F796A /* freshtomatoTests.swift */ = {isa = PBXFileReference; lastKnownFileType = sourcecode.swift; path = freshtomatoTests.swift; sourceTree = "<group>"; };
		25CE34DA1AD5FF5B001F796A /* MoviesViewController.swift */ = {isa = PBXFileReference; fileEncoding = 4; lastKnownFileType = sourcecode.swift; path = MoviesViewController.swift; sourceTree = "<group>"; };
		25CE34DC1AD61409001F796A /* MovieCell.swift */ = {isa = PBXFileReference; fileEncoding = 4; lastKnownFileType = sourcecode.swift; path = MovieCell.swift; sourceTree = "<group>"; };
		547427C3C7F9E4E3A036D482 /* libPods.a */ = {isa = PBXFileReference; explicitFileType = archive.ar; includeInIndex = 0; path = libPods.a; sourceTree = BUILT_PRODUCTS_DIR; };
		E253A299245677DE0205E76C /* Pods.release.xcconfig */ = {isa = PBXFileReference; includeInIndex = 1; lastKnownFileType = text.xcconfig; name = Pods.release.xcconfig; path = "Pods/Target Support Files/Pods/Pods.release.xcconfig"; sourceTree = "<group>"; };
		F8B0F8CAE7788834B2D0EE12 /* Pods.debug.xcconfig */ = {isa = PBXFileReference; includeInIndex = 1; lastKnownFileType = text.xcconfig; name = Pods.debug.xcconfig; path = "Pods/Target Support Files/Pods/Pods.debug.xcconfig"; sourceTree = "<group>"; };
/* End PBXFileReference section */

/* Begin PBXFrameworksBuildPhase section */
		25CE34B21AD5F876001F796A /* Frameworks */ = {
			isa = PBXFrameworksBuildPhase;
			buildActionMask = 2147483647;
			files = (
				4335946AF7310F21FE969A12 /* libPods.a in Frameworks */,
			);
			runOnlyForDeploymentPostprocessing = 0;
		};
		25CE34C71AD5F876001F796A /* Frameworks */ = {
			isa = PBXFrameworksBuildPhase;
			buildActionMask = 2147483647;
			files = (
			);
			runOnlyForDeploymentPostprocessing = 0;
		};
/* End PBXFrameworksBuildPhase section */

/* Begin PBXGroup section */
		21C36999724008A5E8C823A0 /* Pods */ = {
			isa = PBXGroup;
			children = (
				F8B0F8CAE7788834B2D0EE12 /* Pods.debug.xcconfig */,
				E253A299245677DE0205E76C /* Pods.release.xcconfig */,
			);
			name = Pods;
			sourceTree = "<group>";
		};
		25CE34AC1AD5F876001F796A = {
			isa = PBXGroup;
			children = (
				25CE34B71AD5F876001F796A /* freshtomato */,
				25CE34CD1AD5F876001F796A /* freshtomatoTests */,
				25CE34B61AD5F876001F796A /* Products */,
				21C36999724008A5E8C823A0 /* Pods */,
				A6C60E0C88C9DC38378B8645 /* Frameworks */,
			);
			sourceTree = "<group>";
		};
		25CE34B61AD5F876001F796A /* Products */ = {
			isa = PBXGroup;
			children = (
				25CE34B51AD5F876001F796A /* freshtomato.app */,
				25CE34CA1AD5F876001F796A /* freshtomatoTests.xctest */,
			);
			name = Products;
			sourceTree = "<group>";
		};
		25CE34B71AD5F876001F796A /* freshtomato */ = {
			isa = PBXGroup;
			children = (
				25CE34BA1AD5F876001F796A /* AppDelegate.swift */,
				25CE34BC1AD5F876001F796A /* ViewController.swift */,
				25CE34BE1AD5F876001F796A /* Main.storyboard */,
				25CE34C11AD5F876001F796A /* Images.xcassets */,
				25CE34C31AD5F876001F796A /* LaunchScreen.xib */,
				25CE34B81AD5F876001F796A /* Supporting Files */,
				25CE34DA1AD5FF5B001F796A /* MoviesViewController.swift */,
				25B413CC1AD627A700CBCB79 /* MovieDetailViewController.swift */,
				25CE34DC1AD61409001F796A /* MovieCell.swift */,
				257A9B6C1AD6487D00E796D8 /* freshtomato-Bridging-Header.h */,
			);
			path = freshtomato;
			sourceTree = "<group>";
		};
		25CE34B81AD5F876001F796A /* Supporting Files */ = {
			isa = PBXGroup;
			children = (
				25CE34B91AD5F876001F796A /* Info.plist */,
			);
			name = "Supporting Files";
			sourceTree = "<group>";
		};
		25CE34CD1AD5F876001F796A /* freshtomatoTests */ = {
			isa = PBXGroup;
			children = (
				25CE34D01AD5F876001F796A /* freshtomatoTests.swift */,
				25CE34CE1AD5F876001F796A /* Supporting Files */,
			);
			path = freshtomatoTests;
			sourceTree = "<group>";
		};
		25CE34CE1AD5F876001F796A /* Supporting Files */ = {
			isa = PBXGroup;
			children = (
				25CE34CF1AD5F876001F796A /* Info.plist */,
			);
			name = "Supporting Files";
			sourceTree = "<group>";
		};
		A6C60E0C88C9DC38378B8645 /* Frameworks */ = {
			isa = PBXGroup;
			children = (
				547427C3C7F9E4E3A036D482 /* libPods.a */,
			);
			name = Frameworks;
			sourceTree = "<group>";
		};
/* End PBXGroup section */

/* Begin PBXNativeTarget section */
		25CE34B41AD5F876001F796A /* freshtomato */ = {
			isa = PBXNativeTarget;
			buildConfigurationList = 25CE34D41AD5F876001F796A /* Build configuration list for PBXNativeTarget "freshtomato" */;
			buildPhases = (
				4B1C478F3FAA6BFD521FE985 /* Check Pods Manifest.lock */,
				25CE34B11AD5F876001F796A /* Sources */,
				25CE34B21AD5F876001F796A /* Frameworks */,
				25CE34B31AD5F876001F796A /* Resources */,
				D8D1A700822C0FB6E177F1DD /* Copy Pods Resources */,
			);
			buildRules = (
			);
			dependencies = (
			);
			name = freshtomato;
			productName = freshtomato;
			productReference = 25CE34B51AD5F876001F796A /* freshtomato.app */;
			productType = "com.apple.product-type.application";
		};
		25CE34C91AD5F876001F796A /* freshtomatoTests */ = {
			isa = PBXNativeTarget;
			buildConfigurationList = 25CE34D71AD5F876001F796A /* Build configuration list for PBXNativeTarget "freshtomatoTests" */;
			buildPhases = (
				25CE34C61AD5F876001F796A /* Sources */,
				25CE34C71AD5F876001F796A /* Frameworks */,
				25CE34C81AD5F876001F796A /* Resources */,
			);
			buildRules = (
			);
			dependencies = (
				25CE34CC1AD5F876001F796A /* PBXTargetDependency */,
			);
			name = freshtomatoTests;
			productName = freshtomatoTests;
			productReference = 25CE34CA1AD5F876001F796A /* freshtomatoTests.xctest */;
			productType = "com.apple.product-type.bundle.unit-test";
		};
/* End PBXNativeTarget section */

/* Begin PBXProject section */
		25CE34AD1AD5F876001F796A /* Project object */ = {
			isa = PBXProject;
			attributes = {
				LastUpgradeCheck = 0620;
				ORGANIZATIONNAME = "Mateo Garcia";
				TargetAttributes = {
					25CE34B41AD5F876001F796A = {
						CreatedOnToolsVersion = 6.2;
					};
					25CE34C91AD5F876001F796A = {
						CreatedOnToolsVersion = 6.2;
						TestTargetID = 25CE34B41AD5F876001F796A;
					};
				};
			};
			buildConfigurationList = 25CE34B01AD5F876001F796A /* Build configuration list for PBXProject "freshtomato" */;
			compatibilityVersion = "Xcode 3.2";
			developmentRegion = English;
			hasScannedForEncodings = 0;
			knownRegions = (
				en,
				Base,
			);
			mainGroup = 25CE34AC1AD5F876001F796A;
			productRefGroup = 25CE34B61AD5F876001F796A /* Products */;
			projectDirPath = "";
			projectRoot = "";
			targets = (
				25CE34B41AD5F876001F796A /* freshtomato */,
				25CE34C91AD5F876001F796A /* freshtomatoTests */,
			);
		};
/* End PBXProject section */

/* Begin PBXResourcesBuildPhase section */
		25CE34B31AD5F876001F796A /* Resources */ = {
			isa = PBXResourcesBuildPhase;
			buildActionMask = 2147483647;
			files = (
				25CE34C01AD5F876001F796A /* Main.storyboard in Resources */,
				25CE34C51AD5F876001F796A /* LaunchScreen.xib in Resources */,
				25CE34C21AD5F876001F796A /* Images.xcassets in Resources */,
			);
			runOnlyForDeploymentPostprocessing = 0;
		};
		25CE34C81AD5F876001F796A /* Resources */ = {
			isa = PBXResourcesBuildPhase;
			buildActionMask = 2147483647;
			files = (
			);
			runOnlyForDeploymentPostprocessing = 0;
		};
/* End PBXResourcesBuildPhase section */

/* Begin PBXShellScriptBuildPhase section */
		4B1C478F3FAA6BFD521FE985 /* Check Pods Manifest.lock */ = {
			isa = PBXShellScriptBuildPhase;
			buildActionMask = 2147483647;
			files = (
			);
			inputPaths = (
			);
			name = "Check Pods Manifest.lock";
			outputPaths = (
			);
			runOnlyForDeploymentPostprocessing = 0;
			shellPath = /bin/sh;
			shellScript = "diff \"${PODS_ROOT}/../Podfile.lock\" \"${PODS_ROOT}/Manifest.lock\" > /dev/null\nif [[ $? != 0 ]] ; then\n    cat << EOM\nerror: The sandbox is not in sync with the Podfile.lock. Run 'pod install' or update your CocoaPods installation.\nEOM\n    exit 1\nfi\n";
			showEnvVarsInLog = 0;
		};
		D8D1A700822C0FB6E177F1DD /* Copy Pods Resources */ = {
			isa = PBXShellScriptBuildPhase;
			buildActionMask = 2147483647;
			files = (
			);
			inputPaths = (
			);
			name = "Copy Pods Resources";
			outputPaths = (
			);
			runOnlyForDeploymentPostprocessing = 0;
			shellPath = /bin/sh;
			shellScript = "\"${SRCROOT}/Pods/Target Support Files/Pods/Pods-resources.sh\"\n";
			showEnvVarsInLog = 0;
		};
/* End PBXShellScriptBuildPhase section */

/* Begin PBXSourcesBuildPhase section */
		25CE34B11AD5F876001F796A /* Sources */ = {
			isa = PBXSourcesBuildPhase;
			buildActionMask = 2147483647;
			files = (
				25CE34BD1AD5F876001F796A /* ViewController.swift in Sources */,
				25B413CE1AD6360E00CBCB79 /* MoviesViewController.swift in Sources */,
				25B413CD1AD627A700CBCB79 /* MovieDetailViewController.swift in Sources */,
				25CE34BB1AD5F876001F796A /* AppDelegate.swift in Sources */,
				25CE34DD1AD61409001F796A /* MovieCell.swift in Sources */,
			);
			runOnlyForDeploymentPostprocessing = 0;
		};
		25CE34C61AD5F876001F796A /* Sources */ = {
			isa = PBXSourcesBuildPhase;
			buildActionMask = 2147483647;
			files = (
				25CE34D11AD5F876001F796A /* freshtomatoTests.swift in Sources */,
			);
			runOnlyForDeploymentPostprocessing = 0;
		};
/* End PBXSourcesBuildPhase section */

/* Begin PBXTargetDependency section */
		25CE34CC1AD5F876001F796A /* PBXTargetDependency */ = {
			isa = PBXTargetDependency;
			target = 25CE34B41AD5F876001F796A /* freshtomato */;
			targetProxy = 25CE34CB1AD5F876001F796A /* PBXContainerItemProxy */;
		};
/* End PBXTargetDependency section */

/* Begin PBXVariantGroup section */
		25CE34BE1AD5F876001F796A /* Main.storyboard */ = {
			isa = PBXVariantGroup;
			children = (
				25CE34BF1AD5F876001F796A /* Base */,
			);
			name = Main.storyboard;
			sourceTree = "<group>";
		};
		25CE34C31AD5F876001F796A /* LaunchScreen.xib */ = {
			isa = PBXVariantGroup;
			children = (
				25CE34C41AD5F876001F796A /* Base */,
			);
			name = LaunchScreen.xib;
			sourceTree = "<group>";
		};
/* End PBXVariantGroup section */

/* Begin XCBuildConfiguration section */
		25CE34D21AD5F876001F796A /* Debug */ = {
			isa = XCBuildConfiguration;
			buildSettings = {
				ALWAYS_SEARCH_USER_PATHS = NO;
				CLANG_CXX_LANGUAGE_STANDARD = "gnu++0x";
				CLANG_CXX_LIBRARY = "libc++";
				CLANG_ENABLE_MODULES = YES;
				CLANG_ENABLE_OBJC_ARC = YES;
				CLANG_WARN_BOOL_CONVERSION = YES;
				CLANG_WARN_CONSTANT_CONVERSION = YES;
				CLANG_WARN_DIRECT_OBJC_ISA_USAGE = YES_ERROR;
				CLANG_WARN_EMPTY_BODY = YES;
				CLANG_WARN_ENUM_CONVERSION = YES;
				CLANG_WARN_INT_CONVERSION = YES;
				CLANG_WARN_OBJC_ROOT_CLASS = YES_ERROR;
				CLANG_WARN_UNREACHABLE_CODE = YES;
				CLANG_WARN__DUPLICATE_METHOD_MATCH = YES;
				"CODE_SIGN_IDENTITY[sdk=iphoneos*]" = "iPhone Developer";
				COPY_PHASE_STRIP = NO;
				ENABLE_STRICT_OBJC_MSGSEND = YES;
				GCC_C_LANGUAGE_STANDARD = gnu99;
				GCC_DYNAMIC_NO_PIC = NO;
				GCC_OPTIMIZATION_LEVEL = 0;
				GCC_PREPROCESSOR_DEFINITIONS = (
					"DEBUG=1",
					"$(inherited)",
				);
				GCC_SYMBOLS_PRIVATE_EXTERN = NO;
				GCC_WARN_64_TO_32_BIT_CONVERSION = YES;
				GCC_WARN_ABOUT_RETURN_TYPE = YES_ERROR;
				GCC_WARN_UNDECLARED_SELECTOR = YES;
				GCC_WARN_UNINITIALIZED_AUTOS = YES_AGGRESSIVE;
				GCC_WARN_UNUSED_FUNCTION = YES;
				GCC_WARN_UNUSED_VARIABLE = YES;
				IPHONEOS_DEPLOYMENT_TARGET = 8.2;
				MTL_ENABLE_DEBUG_INFO = YES;
				ONLY_ACTIVE_ARCH = YES;
				SDKROOT = iphoneos;
				SWIFT_OPTIMIZATION_LEVEL = "-Onone";
			};
			name = Debug;
		};
		25CE34D31AD5F876001F796A /* Release */ = {
			isa = XCBuildConfiguration;
			buildSettings = {
				ALWAYS_SEARCH_USER_PATHS = NO;
				CLANG_CXX_LANGUAGE_STANDARD = "gnu++0x";
				CLANG_CXX_LIBRARY = "libc++";
				CLANG_ENABLE_MODULES = YES;
				CLANG_ENABLE_OBJC_ARC = YES;
				CLANG_WARN_BOOL_CONVERSION = YES;
				CLANG_WARN_CONSTANT_CONVERSION = YES;
				CLANG_WARN_DIRECT_OBJC_ISA_USAGE = YES_ERROR;
				CLANG_WARN_EMPTY_BODY = YES;
				CLANG_WARN_ENUM_CONVERSION = YES;
				CLANG_WARN_INT_CONVERSION = YES;
				CLANG_WARN_OBJC_ROOT_CLASS = YES_ERROR;
				CLANG_WARN_UNREACHABLE_CODE = YES;
				CLANG_WARN__DUPLICATE_METHOD_MATCH = YES;
				"CODE_SIGN_IDENTITY[sdk=iphoneos*]" = "iPhone Developer";
				COPY_PHASE_STRIP = NO;
				ENABLE_NS_ASSERTIONS = NO;
				ENABLE_STRICT_OBJC_MSGSEND = YES;
				GCC_C_LANGUAGE_STANDARD = gnu99;
				GCC_WARN_64_TO_32_BIT_CONVERSION = YES;
				GCC_WARN_ABOUT_RETURN_TYPE = YES_ERROR;
				GCC_WARN_UNDECLARED_SELECTOR = YES;
				GCC_WARN_UNINITIALIZED_AUTOS = YES_AGGRESSIVE;
				GCC_WARN_UNUSED_FUNCTION = YES;
				GCC_WARN_UNUSED_VARIABLE = YES;
				IPHONEOS_DEPLOYMENT_TARGET = 8.2;
				MTL_ENABLE_DEBUG_INFO = NO;
				SDKROOT = iphoneos;
				VALIDATE_PRODUCT = YES;
			};
			name = Release;
		};
		25CE34D51AD5F876001F796A /* Debug */ = {
			isa = XCBuildConfiguration;
			baseConfigurationReference = F8B0F8CAE7788834B2D0EE12 /* Pods.debug.xcconfig */;
			buildSettings = {
				ASSETCATALOG_COMPILER_APPICON_NAME = AppIcon;
				CLANG_ENABLE_MODULES = YES;
				INFOPLIST_FILE = freshtomato/Info.plist;
				LD_RUNPATH_SEARCH_PATHS = "$(inherited) @executable_path/Frameworks";
				PRODUCT_NAME = "$(TARGET_NAME)";
				SWIFT_OBJC_BRIDGING_HEADER = "freshtomato/freshtomato-Bridging-Header.h";
				SWIFT_OPTIMIZATION_LEVEL = "-Onone";
			};
			name = Debug;
		};
		25CE34D61AD5F876001F796A /* Release */ = {
			isa = XCBuildConfiguration;
			baseConfigurationReference = E253A299245677DE0205E76C /* Pods.release.xcconfig */;
			buildSettings = {
				ASSETCATALOG_COMPILER_APPICON_NAME = AppIcon;
				CLANG_ENABLE_MODULES = YES;
				INFOPLIST_FILE = freshtomato/Info.plist;
				LD_RUNPATH_SEARCH_PATHS = "$(inherited) @executable_path/Frameworks";
				PRODUCT_NAME = "$(TARGET_NAME)";
				SWIFT_OBJC_BRIDGING_HEADER = "freshtomato/freshtomato-Bridging-Header.h";
			};
			name = Release;
		};
		25CE34D81AD5F876001F796A /* Debug */ = {
			isa = XCBuildConfiguration;
			buildSettings = {
				BUNDLE_LOADER = "$(TEST_HOST)";
				FRAMEWORK_SEARCH_PATHS = (
					"$(SDKROOT)/Developer/Library/Frameworks",
					"$(inherited)",
				);
				GCC_PREPROCESSOR_DEFINITIONS = (
					"DEBUG=1",
					"$(inherited)",
				);
				INFOPLIST_FILE = freshtomatoTests/Info.plist;
				LD_RUNPATH_SEARCH_PATHS = "$(inherited) @executable_path/Frameworks @loader_path/Frameworks";
				PRODUCT_NAME = "$(TARGET_NAME)";
				TEST_HOST = "$(BUILT_PRODUCTS_DIR)/freshtomato.app/freshtomato";
			};
			name = Debug;
		};
		25CE34D91AD5F876001F796A /* Release */ = {
			isa = XCBuildConfiguration;
			buildSettings = {
				BUNDLE_LOADER = "$(TEST_HOST)";
				FRAMEWORK_SEARCH_PATHS = (
					"$(SDKROOT)/Developer/Library/Frameworks",
					"$(inherited)",
				);
				INFOPLIST_FILE = freshtomatoTests/Info.plist;
				LD_RUNPATH_SEARCH_PATHS = "$(inherited) @executable_path/Frameworks @loader_path/Frameworks";
				PRODUCT_NAME = "$(TARGET_NAME)";
				TEST_HOST = "$(BUILT_PRODUCTS_DIR)/freshtomato.app/freshtomato";
			};
			name = Release;
		};
/* End XCBuildConfiguration section */

/* Begin XCConfigurationList section */
		25CE34B01AD5F876001F796A /* Build configuration list for PBXProject "freshtomato" */ = {
			isa = XCConfigurationList;
			buildConfigurations = (
				25CE34D21AD5F876001F796A /* Debug */,
				25CE34D31AD5F876001F796A /* Release */,
			);
			defaultConfigurationIsVisible = 0;
			defaultConfigurationName = Release;
		};
		25CE34D41AD5F876001F796A /* Build configuration list for PBXNativeTarget "freshtomato" */ = {
			isa = XCConfigurationList;
			buildConfigurations = (
				25CE34D51AD5F876001F796A /* Debug */,
				25CE34D61AD5F876001F796A /* Release */,
			);
			defaultConfigurationIsVisible = 0;
			defaultConfigurationName = Release;
		};
		25CE34D71AD5F876001F796A /* Build configuration list for PBXNativeTarget "freshtomatoTests" */ = {
			isa = XCConfigurationList;
			buildConfigurations = (
				25CE34D81AD5F876001F796A /* Debug */,
				25CE34D91AD5F876001F796A /* Release */,
			);
			defaultConfigurationIsVisible = 0;
			defaultConfigurationName = Release;
		};
/* End XCConfigurationList section */
	};
	rootObject = 25CE34AD1AD5F876001F796A /* Project object */;
}
